
Microsoft Visual Studio Solution File, Format Version 12.00
# Visual Studio Version 17
VisualStudioVersion = 17.6.33815.320
MinimumVisualStudioVersion = 10.0.40219.1
Project("{FAE04EC0-301F-11D3-BF4B-00C04F79EFBC}") = "WebAPIMovie", "WebAPIMovie\WebAPIMovie.csproj", "{CC8AF8D3-54F4-418A-B4B2-2AAA107D7E1C}"
EndProject
Global
	GlobalSection(SolutionConfigurationPlatforms) = preSolution
		Debug|Any CPU = Debug|Any CPU
		Release|Any CPU = Release|Any CPU
	EndGlobalSection
	GlobalSection(ProjectConfigurationPlatforms) = postSolution
		{CC8AF8D3-54F4-418A-B4B2-2AAA107D7E1C}.Debug|Any CPU.ActiveCfg = Debug|Any CPU
		{CC8AF8D3-54F4-418A-B4B2-2AAA107D7E1C}.Debug|Any CPU.Build.0 = Debug|Any CPU
		{CC8AF8D3-54F4-418A-B4B2-2AAA107D7E1C}.Release|Any CPU.ActiveCfg = Release|Any CPU
		{CC8AF8D3-54F4-418A-B4B2-2AAA107D7E1C}.Release|Any CPU.Build.0 = Release|Any CPU
	EndGlobalSection
	GlobalSection(SolutionProperties) = preSolution
		HideSolutionNode = FALSE
	EndGlobalSection
	GlobalSection(ExtensibilityGlobals) = postSolution
		SolutionGuid = {B2E1F43F-8935-4C87-B912-CD0753EF6DBA}
	EndGlobalSection
EndGlobal
